
Microsoft Visual Studio Solution File, Format Version 12.00
# Visual Studio Version 17
VisualStudioVersion = 17.9.34723.18
MinimumVisualStudioVersion = 10.0.40219.1
Project("{9A19103F-16F7-4668-BE54-9A1E7A4F7556}") = "backend", "backend\backend.csproj", "{7B08DF1D-8FD6-4023-BF91-36C724DDE777}"
EndProject
Project("{FAE04EC0-301F-11D3-BF4B-00C04F79EFBC}") = "ModelEntity", "ModelEntity\ModelEntity.csproj", "{48BE01B6-A4A6-4B8B-9113-20AA2F1ED062}"
EndProject
Global
	GlobalSection(SolutionConfigurationPlatforms) = preSolution
		Debug|Any CPU = Debug|Any CPU
		Release|Any CPU = Release|Any CPU
	EndGlobalSection
	GlobalSection(ProjectConfigurationPlatforms) = postSolution
		{7B08DF1D-8FD6-4023-BF91-36C724DDE777}.Debug|Any CPU.ActiveCfg = Debug|Any CPU
		{7B08DF1D-8FD6-4023-BF91-36C724DDE777}.Debug|Any CPU.Build.0 = Debug|Any CPU
		{7B08DF1D-8FD6-4023-BF91-36C724DDE777}.Release|Any CPU.ActiveCfg = Release|Any CPU
		{7B08DF1D-8FD6-4023-BF91-36C724DDE777}.Release|Any CPU.Build.0 = Release|Any CPU
		{48BE01B6-A4A6-4B8B-9113-20AA2F1ED062}.Debug|Any CPU.ActiveCfg = Debug|Any CPU
		{48BE01B6-A4A6-4B8B-9113-20AA2F1ED062}.Debug|Any CPU.Build.0 = Debug|Any CPU
		{48BE01B6-A4A6-4B8B-9113-20AA2F1ED062}.Release|Any CPU.ActiveCfg = Release|Any CPU
		{48BE01B6-A4A6-4B8B-9113-20AA2F1ED062}.Release|Any CPU.Build.0 = Release|Any CPU
	EndGlobalSection
	GlobalSection(SolutionProperties) = preSolution
		HideSolutionNode = FALSE
	EndGlobalSection
	GlobalSection(ExtensibilityGlobals) = postSolution
		SolutionGuid = {68F7F6B5-5251-4AA2-916E-E01C47A10E9E}
	EndGlobalSection
EndGlobal
